
Microsoft Visual Studio Solution File, Format Version 12.00
# Visual Studio Version 16
VisualStudioVersion = 16.0.808.3
MinimumVisualStudioVersion = 10.0.40219.1
Project("{FAE04EC0-301F-11D3-BF4B-00C04F79EFBC}") = "eagleDreamConsoleApp", "eagleDreamConsoleApp\eagleDreamConsoleApp.csproj", "{21151790-8AE6-4349-A3CD-F220847F997E}"
EndProject
Project("{2150E333-8FDC-42A3-9474-1A3956D46DE8}") = "Solution Items", "Solution Items", "{CB267FDF-FD11-471E-B86A-6912366C2FB9}"
EndProject
Global
	GlobalSection(SolutionConfigurationPlatforms) = preSolution
		Debug|Any CPU = Debug|Any CPU
		Release|Any CPU = Release|Any CPU
	EndGlobalSection
	GlobalSection(ProjectConfigurationPlatforms) = postSolution
		{21151790-8AE6-4349-A3CD-F220847F997E}.Debug|Any CPU.ActiveCfg = Debug|Any CPU
		{21151790-8AE6-4349-A3CD-F220847F997E}.Debug|Any CPU.Build.0 = Debug|Any CPU
		{21151790-8AE6-4349-A3CD-F220847F997E}.Release|Any CPU.ActiveCfg = Release|Any CPU
		{21151790-8AE6-4349-A3CD-F220847F997E}.Release|Any CPU.Build.0 = Release|Any CPU
	EndGlobalSection
	GlobalSection(SolutionProperties) = preSolution
		HideSolutionNode = FALSE
	EndGlobalSection
	GlobalSection(ExtensibilityGlobals) = postSolution
		SolutionGuid = {64CFEB8B-498C-4C20-B550-16ADE78CE8C5}
	EndGlobalSection
EndGlobal
